
Microsoft Visual Studio Solution File, Format Version 12.00
# Visual Studio Version 16
VisualStudioVersion = 16.0.30309.148
MinimumVisualStudioVersion = 10.0.40219.1
Project("{FAE04EC0-301F-11D3-BF4B-00C04F79EFBC}") = "FPSShooterServer", "FPSShooterServer\FPSShooterServer.csproj", "{6513AB65-A6DC-4361-9669-384D856B03FD}"
EndProject
Global
	GlobalSection(SolutionConfigurationPlatforms) = preSolution
		Debug|Any CPU = Debug|Any CPU
		Release|Any CPU = Release|Any CPU
	EndGlobalSection
	GlobalSection(ProjectConfigurationPlatforms) = postSolution
		{6513AB65-A6DC-4361-9669-384D856B03FD}.Debug|Any CPU.ActiveCfg = Debug|Any CPU
		{6513AB65-A6DC-4361-9669-384D856B03FD}.Debug|Any CPU.Build.0 = Debug|Any CPU
		{6513AB65-A6DC-4361-9669-384D856B03FD}.Release|Any CPU.ActiveCfg = Release|Any CPU
		{6513AB65-A6DC-4361-9669-384D856B03FD}.Release|Any CPU.Build.0 = Release|Any CPU
	EndGlobalSection
	GlobalSection(SolutionProperties) = preSolution
		HideSolutionNode = FALSE
	EndGlobalSection
	GlobalSection(ExtensibilityGlobals) = postSolution
		SolutionGuid = {1DD6EC52-B0FD-4F05-B2D9-F0FD51710567}
	EndGlobalSection
EndGlobal
